{
    "_readme": [
        "This file locks the dependencies of your project to a known state",
        "Read more about it at http://getcomposer.org/doc/01-basic-usage.md#composer-lock-the-lock-file",
        "This file is @generated automatically"
    ],
    "hash": "4863bb21ef4049ef08808afb44c80320",
    "packages": [
        {
            "name": "dispatch/dispatch",
            "version": "6.1.1",
            "source": {
                "type": "git",
                "url": "https://github.com/noodlehaus/dispatch.git",
                "reference": "ae307a36df7cd8d0c8f17c278573d37ba547b764"
            },
            "dist": {
                "type": "zip",
                "url": "https://api.github.com/repos/noodlehaus/dispatch/zipball/ae307a36df7cd8d0c8f17c278573d37ba547b764",
                "reference": "ae307a36df7cd8d0c8f17c278573d37ba547b764",
                "shasum": ""
            },
            "require": {
                "php": ">= 5.4.0"
            },
            "require-dev": {
                "ext-xdebug": ">= 2.1"
            },
            "type": "library",
            "extra": {
                "branch-alias": {
                    "dev-master": "5.x-dev"
                }
            },
            "autoload": {
                "files": [
                    "dispatch.php"
                ]
            },
            "notification-url": "https://packagist.org/downloads/",
            "license": [
                "MIT"
            ],
            "authors": [
                {
                    "name": "Jesus A. Domingo",
                    "homepage": "http://noodlehaus.github.io/",
                    "role": "Developer"
                },
                {
                    "name": "Kafene",
                    "homepage": "https://github.com/kafene",
                    "role": "Contributor"
                },
                {
                    "name": "Martin Angelov",
                    "homepage": "https://github.com/martinaglv",
                    "role": "Contributor"
                },
                {
                    "name": "4d47",
                    "homepage": "https://github.com/4d47",
                    "role": "Contributor"
                },
                {
                    "name": "Bastian Widmer",
                    "homepage": "https://github.com/dasrecht",
                    "role": "Contributor"
                },
                {
                    "name": "Lloyd Zhou",
                    "homepage": "https://github.com/lloydzhou",
                    "role": "Contributor"
                },
                {
                    "name": "Darkalemanbr",
                    "homepage": "https://github.com/darkalemanbr",
                    "role": "Contributor"
                },
                {
                    "name": "Amin By",
                    "homepage": "https://github.com/xielingwang",
                    "role": "Contributor"
                },
                {
                    "name": "Ross Masters",
                    "homepage": "https://github.com/rmasters",
                    "role": "Contributor"
                },
                {
                    "name": "Tom Streller",
                    "homepage": "https://github.com/scan",
                    "role": "Contributor"
                },
                {
                    "name": "Lars",
                    "homepage": "https://github.com/larsbo",
                    "role": "Contributor"
                },
                {
                    "name": "Ciprian Danea",
                    "homepage": "https://github.com/cdanea",
                    "role": "Contributor"
                },
                {
                    "name": "Roman Ožana",
                    "homepage": "https://github.com/OzzyCzech",
                    "role": "Contributor"
                }
            ],
            "description": "a microframework/front-controller",
            "homepage": "http://github.com/noodlehaus/dispatch/",
            "keywords": [
                "framework",
                "micro",
                "microframework",
                "microphp",
                "router"
            ],
            "time": "2014-12-26 00:29:28"
        },
        {
            "name": "erusev/parsedown",
            "version": "1.1.4",
            "source": {
                "type": "git",
                "url": "https://github.com/erusev/parsedown.git",
                "reference": "495e7ac73bb5fde6b857b88ff2bb1b5e79a4263a"
            },
            "dist": {
                "type": "zip",
                "url": "https://api.github.com/repos/erusev/parsedown/zipball/495e7ac73bb5fde6b857b88ff2bb1b5e79a4263a",
                "reference": "495e7ac73bb5fde6b857b88ff2bb1b5e79a4263a",
                "shasum": ""
            },
            "type": "library",
            "autoload": {
                "psr-0": {
                    "Parsedown": ""
                }
            },
            "notification-url": "https://packagist.org/downloads/",
            "license": [
                "MIT"
            ],
            "authors": [
                {
                    "name": "Emanuil Rusev",
                    "email": "hello@erusev.com",
                    "homepage": "http://erusev.com"
                }
            ],
            "description": "Parser for Markdown.",
            "homepage": "http://parsedown.org",
            "keywords": [
                "markdown",
                "parser"
            ],
            "time": "2014-11-29 02:29:14"
        }
    ],
    "packages-dev": [],
    "aliases": [],
    "minimum-stability": "stable",
    "stability-flags": [],
    "prefer-stable": false,
    "prefer-lowest": false,
    "platform": [],
    "platform-dev": []
}
